
Microsoft Visual Studio Solution File, Format Version 12.00
# Visual Studio 15
VisualStudioVersion = 15.0.26403.7
MinimumVisualStudioVersion = 10.0.40219.1
Project("{2150E333-8FDC-42A3-9474-1A3956D46DE8}") = "Solution Items", "Solution Items", "{12BC41AC-1CB8-46AE-AF86-F9441C906CB9}"
	ProjectSection(SolutionItems) = preProject
		.gitignore = .gitignore
		LICENSE = LICENSE
		README.md = README.md
	EndProjectSection
EndProject
Project("{FAE04EC0-301F-11D3-BF4B-00C04F79EFBC}") = "UnboundNondeterminism.Tests", "UnboundNondeterminism.Tests\UnboundNondeterminism.Tests.csproj", "{46A8F06C-E5B3-46E9-9A09-528B22154F20}"
EndProject
Project("{FAE04EC0-301F-11D3-BF4B-00C04F79EFBC}") = "UnboundedNondeterminism", "UnboundedNondeterminism\UnboundedNondeterminism.csproj", "{2CDE5CB2-EE64-474E-86DC-A6AE8227A1D1}"
EndProject
Project("{FAE04EC0-301F-11D3-BF4B-00C04F79EFBC}") = "UnboundedNondeterminism.Web", "UnboundedNondeterminism.Web\UnboundedNondeterminism.Web.csproj", "{8C28B30A-60D1-42F2-8052-AD8AA061ADAB}"
EndProject
Project("{FAE04EC0-301F-11D3-BF4B-00C04F79EFBC}") = "UnboundedNondeterminism.Web.Tests", "UnboundedNondeterminism.Web.Tests\UnboundedNondeterminism.Web.Tests.csproj", "{FA89A856-2A0A-44DB-B391-3843F089A6ED}"
EndProject
Global
	GlobalSection(SolutionConfigurationPlatforms) = preSolution
		Debug|Any CPU = Debug|Any CPU
		Release|Any CPU = Release|Any CPU
	EndGlobalSection
	GlobalSection(ProjectConfigurationPlatforms) = postSolution
		{46A8F06C-E5B3-46E9-9A09-528B22154F20}.Debug|Any CPU.ActiveCfg = Debug|Any CPU
		{46A8F06C-E5B3-46E9-9A09-528B22154F20}.Debug|Any CPU.Build.0 = Debug|Any CPU
		{46A8F06C-E5B3-46E9-9A09-528B22154F20}.Release|Any CPU.ActiveCfg = Release|Any CPU
		{46A8F06C-E5B3-46E9-9A09-528B22154F20}.Release|Any CPU.Build.0 = Release|Any CPU
		{2CDE5CB2-EE64-474E-86DC-A6AE8227A1D1}.Debug|Any CPU.ActiveCfg = Debug|Any CPU
		{2CDE5CB2-EE64-474E-86DC-A6AE8227A1D1}.Debug|Any CPU.Build.0 = Debug|Any CPU
		{2CDE5CB2-EE64-474E-86DC-A6AE8227A1D1}.Release|Any CPU.ActiveCfg = Release|Any CPU
		{2CDE5CB2-EE64-474E-86DC-A6AE8227A1D1}.Release|Any CPU.Build.0 = Release|Any CPU
		{8C28B30A-60D1-42F2-8052-AD8AA061ADAB}.Debug|Any CPU.ActiveCfg = Debug|Any CPU
		{8C28B30A-60D1-42F2-8052-AD8AA061ADAB}.Debug|Any CPU.Build.0 = Debug|Any CPU
		{8C28B30A-60D1-42F2-8052-AD8AA061ADAB}.Release|Any CPU.ActiveCfg = Release|Any CPU
		{8C28B30A-60D1-42F2-8052-AD8AA061ADAB}.Release|Any CPU.Build.0 = Release|Any CPU
		{FA89A856-2A0A-44DB-B391-3843F089A6ED}.Debug|Any CPU.ActiveCfg = Debug|Any CPU
		{FA89A856-2A0A-44DB-B391-3843F089A6ED}.Debug|Any CPU.Build.0 = Debug|Any CPU
		{FA89A856-2A0A-44DB-B391-3843F089A6ED}.Release|Any CPU.ActiveCfg = Release|Any CPU
		{FA89A856-2A0A-44DB-B391-3843F089A6ED}.Release|Any CPU.Build.0 = Release|Any CPU
	EndGlobalSection
	GlobalSection(SolutionProperties) = preSolution
		HideSolutionNode = FALSE
	EndGlobalSection
EndGlobal
